
Microsoft Visual Studio Solution File, Format Version 12.00
# Visual Studio 15
VisualStudioVersion = 15.0.28307.329
MinimumVisualStudioVersion = 10.0.40219.1
Project("{FAE04EC0-301F-11D3-BF4B-00C04F79EFBC}") = "Ledgers.Api", "Ledgers.Api\Ledgers.Api.csproj", "{EC1CAF64-3633-4EAD-B946-4B8C4A68A324}"
EndProject
Global
	GlobalSection(SolutionConfigurationPlatforms) = preSolution
		Debug|Any CPU = Debug|Any CPU
		Release|Any CPU = Release|Any CPU
	EndGlobalSection
	GlobalSection(ProjectConfigurationPlatforms) = postSolution
		{EC1CAF64-3633-4EAD-B946-4B8C4A68A324}.Debug|Any CPU.ActiveCfg = Debug|Any CPU
		{EC1CAF64-3633-4EAD-B946-4B8C4A68A324}.Debug|Any CPU.Build.0 = Debug|Any CPU
		{EC1CAF64-3633-4EAD-B946-4B8C4A68A324}.Release|Any CPU.ActiveCfg = Release|Any CPU
		{EC1CAF64-3633-4EAD-B946-4B8C4A68A324}.Release|Any CPU.Build.0 = Release|Any CPU
	EndGlobalSection
	GlobalSection(SolutionProperties) = preSolution
		HideSolutionNode = FALSE
	EndGlobalSection
	GlobalSection(ExtensibilityGlobals) = postSolution
		SolutionGuid = {23723967-179F-40DF-B777-DE3CC02273B6}
	EndGlobalSection
EndGlobal
